
Microsoft Visual Studio Solution File, Format Version 12.00
# Visual Studio Version 17
VisualStudioVersion = 17.8.34112.27
MinimumVisualStudioVersion = 10.0.40219.1
Project("{9A19103F-16F7-4668-BE54-9A1E7A4F7556}") = "ByteSyncer.Domain", "src\ByteSyncer.Domain\ByteSyncer.Domain.csproj", "{D71F043D-BAEA-4515-8374-2AE450CE9C03}"
EndProject
Project("{9A19103F-16F7-4668-BE54-9A1E7A4F7556}") = "ByteSyncer.Core", "src\ByteSyncer.Core\ByteSyncer.Core.csproj", "{B7D1C09E-534E-42A9-B0D4-877A9A6BA9DA}"
EndProject
Project("{9A19103F-16F7-4668-BE54-9A1E7A4F7556}") = "ByteSyncer.Data", "src\ByteSyncer.Data\ByteSyncer.Data.csproj", "{DFC3AFE7-FACA-4447-99B5-A6899D079DB8}"
EndProject
Project("{9A19103F-16F7-4668-BE54-9A1E7A4F7556}") = "ByteSyncer.Application", "src\ByteSyncer.Application\ByteSyncer.Application.csproj", "{53379668-672A-4D69-AFAD-06784FD0A526}"
EndProject
Project("{9A19103F-16F7-4668-BE54-9A1E7A4F7556}") = "ByteSyncer.IdentityProvider", "src\ByteSyncer.IdentityProvider\ByteSyncer.IdentityProvider.csproj", "{F9BF9920-E98F-4354-A615-AC0DA215BDBF}"
EndProject
Project("{2150E333-8FDC-42A3-9474-1A3956D46DE8}") = "Tests", "Tests", "{E344B06D-5E44-4AD1-A8F2-210FB01C6107}"
EndProject
Project("{FAE04EC0-301F-11D3-BF4B-00C04F79EFBC}") = "ByteSyncer.Application.Tests", "tests\ByteSyncer.Application.Tests\ByteSyncer.Application.Tests.csproj", "{247CA413-2EE5-4192-A3FD-CF2AAFA5D1C0}"
EndProject
Project("{FAE04EC0-301F-11D3-BF4B-00C04F79EFBC}") = "ByteSyncer.Server", "src\ByteSyncer.Server\ByteSyncer.Server.csproj", "{6C492936-7CD1-4CF7-A927-A0BD79B91D73}"
EndProject
Project("{FAE04EC0-301F-11D3-BF4B-00C04F79EFBC}") = "ByteSyncer.Client", "src\ByteSyncer.Client\ByteSyncer.Client.csproj", "{3D013770-16D0-40AB-8F00-9329E92C9F6B}"
EndProject
Global
	GlobalSection(SolutionConfigurationPlatforms) = preSolution
		Debug|Any CPU = Debug|Any CPU
		Release|Any CPU = Release|Any CPU
	EndGlobalSection
	GlobalSection(ProjectConfigurationPlatforms) = postSolution
		{D71F043D-BAEA-4515-8374-2AE450CE9C03}.Debug|Any CPU.ActiveCfg = Debug|Any CPU
		{D71F043D-BAEA-4515-8374-2AE450CE9C03}.Debug|Any CPU.Build.0 = Debug|Any CPU
		{D71F043D-BAEA-4515-8374-2AE450CE9C03}.Release|Any CPU.ActiveCfg = Release|Any CPU
		{D71F043D-BAEA-4515-8374-2AE450CE9C03}.Release|Any CPU.Build.0 = Release|Any CPU
		{B7D1C09E-534E-42A9-B0D4-877A9A6BA9DA}.Debug|Any CPU.ActiveCfg = Debug|Any CPU
		{B7D1C09E-534E-42A9-B0D4-877A9A6BA9DA}.Debug|Any CPU.Build.0 = Debug|Any CPU
		{B7D1C09E-534E-42A9-B0D4-877A9A6BA9DA}.Release|Any CPU.ActiveCfg = Release|Any CPU
		{B7D1C09E-534E-42A9-B0D4-877A9A6BA9DA}.Release|Any CPU.Build.0 = Release|Any CPU
		{DFC3AFE7-FACA-4447-99B5-A6899D079DB8}.Debug|Any CPU.ActiveCfg = Debug|Any CPU
		{DFC3AFE7-FACA-4447-99B5-A6899D079DB8}.Debug|Any CPU.Build.0 = Debug|Any CPU
		{DFC3AFE7-FACA-4447-99B5-A6899D079DB8}.Release|Any CPU.ActiveCfg = Release|Any CPU
		{DFC3AFE7-FACA-4447-99B5-A6899D079DB8}.Release|Any CPU.Build.0 = Release|Any CPU
		{53379668-672A-4D69-AFAD-06784FD0A526}.Debug|Any CPU.ActiveCfg = Debug|Any CPU
		{53379668-672A-4D69-AFAD-06784FD0A526}.Debug|Any CPU.Build.0 = Debug|Any CPU
		{53379668-672A-4D69-AFAD-06784FD0A526}.Release|Any CPU.ActiveCfg = Release|Any CPU
		{53379668-672A-4D69-AFAD-06784FD0A526}.Release|Any CPU.Build.0 = Release|Any CPU
		{F9BF9920-E98F-4354-A615-AC0DA215BDBF}.Debug|Any CPU.ActiveCfg = Debug|Any CPU
		{F9BF9920-E98F-4354-A615-AC0DA215BDBF}.Debug|Any CPU.Build.0 = Debug|Any CPU
		{F9BF9920-E98F-4354-A615-AC0DA215BDBF}.Release|Any CPU.ActiveCfg = Release|Any CPU
		{F9BF9920-E98F-4354-A615-AC0DA215BDBF}.Release|Any CPU.Build.0 = Release|Any CPU
		{247CA413-2EE5-4192-A3FD-CF2AAFA5D1C0}.Debug|Any CPU.ActiveCfg = Debug|Any CPU
		{247CA413-2EE5-4192-A3FD-CF2AAFA5D1C0}.Debug|Any CPU.Build.0 = Debug|Any CPU
		{247CA413-2EE5-4192-A3FD-CF2AAFA5D1C0}.Release|Any CPU.ActiveCfg = Release|Any CPU
		{247CA413-2EE5-4192-A3FD-CF2AAFA5D1C0}.Release|Any CPU.Build.0 = Release|Any CPU
		{6C492936-7CD1-4CF7-A927-A0BD79B91D73}.Debug|Any CPU.ActiveCfg = Debug|Any CPU
		{6C492936-7CD1-4CF7-A927-A0BD79B91D73}.Debug|Any CPU.Build.0 = Debug|Any CPU
		{6C492936-7CD1-4CF7-A927-A0BD79B91D73}.Release|Any CPU.ActiveCfg = Release|Any CPU
		{6C492936-7CD1-4CF7-A927-A0BD79B91D73}.Release|Any CPU.Build.0 = Release|Any CPU
		{3D013770-16D0-40AB-8F00-9329E92C9F6B}.Debug|Any CPU.ActiveCfg = Debug|Any CPU
		{3D013770-16D0-40AB-8F00-9329E92C9F6B}.Debug|Any CPU.Build.0 = Debug|Any CPU
		{3D013770-16D0-40AB-8F00-9329E92C9F6B}.Release|Any CPU.ActiveCfg = Release|Any CPU
		{3D013770-16D0-40AB-8F00-9329E92C9F6B}.Release|Any CPU.Build.0 = Release|Any CPU
	EndGlobalSection
	GlobalSection(SolutionProperties) = preSolution
		HideSolutionNode = FALSE
	EndGlobalSection
	GlobalSection(NestedProjects) = preSolution
		{247CA413-2EE5-4192-A3FD-CF2AAFA5D1C0} = {E344B06D-5E44-4AD1-A8F2-210FB01C6107}
	EndGlobalSection
	GlobalSection(ExtensibilityGlobals) = postSolution
		SolutionGuid = {E8605C48-D2E0-4E7B-A3B7-E4F98C8E9A22}
	EndGlobalSection
EndGlobal
